
Microsoft Visual Studio Solution File, Format Version 12.00
# Visual Studio Version 16
VisualStudioVersion = 16.0.32228.343
MinimumVisualStudioVersion = 10.0.40219.1
Project("{FAE04EC0-301F-11D3-BF4B-00C04F79EFBC}") = "demoapp", "demoapp\demoapp.csproj", "{783C25AD-8280-4C0F-A577-83D42F87D022}"
EndProject
Global
	GlobalSection(SolutionConfigurationPlatforms) = preSolution
		Debug|Any CPU = Debug|Any CPU
		Release|Any CPU = Release|Any CPU
	EndGlobalSection
	GlobalSection(ProjectConfigurationPlatforms) = postSolution
		{783C25AD-8280-4C0F-A577-83D42F87D022}.Debug|Any CPU.ActiveCfg = Debug|Any CPU
		{783C25AD-8280-4C0F-A577-83D42F87D022}.Debug|Any CPU.Build.0 = Debug|Any CPU
		{783C25AD-8280-4C0F-A577-83D42F87D022}.Release|Any CPU.ActiveCfg = Release|Any CPU
		{783C25AD-8280-4C0F-A577-83D42F87D022}.Release|Any CPU.Build.0 = Release|Any CPU
	EndGlobalSection
	GlobalSection(SolutionProperties) = preSolution
		HideSolutionNode = FALSE
	EndGlobalSection
	GlobalSection(ExtensibilityGlobals) = postSolution
		SolutionGuid = {0C5C2732-A07E-4A1A-956C-D5970D922F2A}
	EndGlobalSection
EndGlobal
